
Microsoft Visual Studio Solution File, Format Version 12.00
# Visual Studio Version 16
VisualStudioVersion = 16.0.31624.102
MinimumVisualStudioVersion = 10.0.40219.1
Project("{FAE04EC0-301F-11D3-BF4B-00C04F79EFBC}") = "00_CodeChallenge", "00_CodeChallenge\00_CodeChallenge.csproj", "{DD01C6A9-B26A-41AC-9C8E-A218C3CF1F39}"
EndProject
Global
	GlobalSection(SolutionConfigurationPlatforms) = preSolution
		Debug|Any CPU = Debug|Any CPU
		Release|Any CPU = Release|Any CPU
	EndGlobalSection
	GlobalSection(ProjectConfigurationPlatforms) = postSolution
		{DD01C6A9-B26A-41AC-9C8E-A218C3CF1F39}.Debug|Any CPU.ActiveCfg = Debug|Any CPU
		{DD01C6A9-B26A-41AC-9C8E-A218C3CF1F39}.Debug|Any CPU.Build.0 = Debug|Any CPU
		{DD01C6A9-B26A-41AC-9C8E-A218C3CF1F39}.Release|Any CPU.ActiveCfg = Release|Any CPU
		{DD01C6A9-B26A-41AC-9C8E-A218C3CF1F39}.Release|Any CPU.Build.0 = Release|Any CPU
	EndGlobalSection
	GlobalSection(SolutionProperties) = preSolution
		HideSolutionNode = FALSE
	EndGlobalSection
	GlobalSection(ExtensibilityGlobals) = postSolution
		SolutionGuid = {517D3168-F4B9-4C28-BFAD-5BCA2EA408C7}
	EndGlobalSection
EndGlobal
